
Microsoft Visual Studio Solution File, Format Version 12.00
# Visual Studio Version 17
VisualStudioVersion = 17.8.34525.116
MinimumVisualStudioVersion = 10.0.40219.1
Project("{8BC9CEB8-8B4A-11D0-8D11-00A0C91BC942}") = "SELab17", "SELab17\SELab17.vcxproj", "{F683DC3D-1E05-40C9-86E1-F3E261F392ED}"
EndProject
Global
	GlobalSection(SolutionConfigurationPlatforms) = preSolution
		Debug|x64 = Debug|x64
		Debug|x86 = Debug|x86
		Release|x64 = Release|x64
		Release|x86 = Release|x86
	EndGlobalSection
	GlobalSection(ProjectConfigurationPlatforms) = postSolution
		{F683DC3D-1E05-40C9-86E1-F3E261F392ED}.Debug|x64.ActiveCfg = Debug|x64
		{F683DC3D-1E05-40C9-86E1-F3E261F392ED}.Debug|x64.Build.0 = Debug|x64
		{F683DC3D-1E05-40C9-86E1-F3E261F392ED}.Debug|x86.ActiveCfg = Debug|Win32
		{F683DC3D-1E05-40C9-86E1-F3E261F392ED}.Debug|x86.Build.0 = Debug|Win32
		{F683DC3D-1E05-40C9-86E1-F3E261F392ED}.Release|x64.ActiveCfg = Release|x64
		{F683DC3D-1E05-40C9-86E1-F3E261F392ED}.Release|x64.Build.0 = Release|x64
		{F683DC3D-1E05-40C9-86E1-F3E261F392ED}.Release|x86.ActiveCfg = Release|Win32
		{F683DC3D-1E05-40C9-86E1-F3E261F392ED}.Release|x86.Build.0 = Release|Win32
	EndGlobalSection
	GlobalSection(SolutionProperties) = preSolution
		HideSolutionNode = FALSE
	EndGlobalSection
	GlobalSection(ExtensibilityGlobals) = postSolution
		SolutionGuid = {EB143636-598C-4B48-A19F-E7E3418909F6}
	EndGlobalSection
EndGlobal
